// !$*UTF8*$!
{
	archiveVersion = 1;
	classes = {
	};
	objectVersion = 56;
	objects = {

/* Begin PBXBuildFile section */
		4449041629D997B300B66EAC /* AppDelegate.swift in Sources */ = {isa = PBXBuildFile; fileRef = 4449041529D997B300B66EAC /* AppDelegate.swift */; };
		4449041829D997B300B66EAC /* SceneDelegate.swift in Sources */ = {isa = PBXBuildFile; fileRef = 4449041729D997B300B66EAC /* SceneDelegate.swift */; };
		4449041A29D997B300B66EAC /* ViewController.swift in Sources */ = {isa = PBXBuildFile; fileRef = 4449041929D997B300B66EAC /* ViewController.swift */; };
		4449041D29D997B300B66EAC /* Main.storyboard in Resources */ = {isa = PBXBuildFile; fileRef = 4449041B29D997B300B66EAC /* Main.storyboard */; };
		4449041F29D997B600B66EAC /* Assets.xcassets in Resources */ = {isa = PBXBuildFile; fileRef = 4449041E29D997B600B66EAC /* Assets.xcassets */; };
		4449042229D997B600B66EAC /* LaunchScreen.storyboard in Resources */ = {isa = PBXBuildFile; fileRef = 4449042029D997B600B66EAC /* LaunchScreen.storyboard */; };
		4449042A29D99B0000B66EAC /* MembershipData.swift in Sources */ = {isa = PBXBuildFile; fileRef = 4449042929D99AFF00B66EAC /* MembershipData.swift */; };
		4449042F29D99D1A00B66EAC /* School Age.jpeg in Resources */ = {isa = PBXBuildFile; fileRef = 4449042B29D99D1A00B66EAC /* School Age.jpeg */; };
		4449043029D99D1A00B66EAC /* adulthood.png in Resources */ = {isa = PBXBuildFile; fileRef = 4449042C29D99D1A00B66EAC /* adulthood.png */; };
		4449043129D99D1A00B66EAC /* aging.jpeg in Resources */ = {isa = PBXBuildFile; fileRef = 4449042D29D99D1A00B66EAC /* aging.jpeg */; };
		4449043429D9A1FD00B66EAC /* infant.jpeg in Resources */ = {isa = PBXBuildFile; fileRef = 4449043329D9A1FD00B66EAC /* infant.jpeg */; };
		4449043629D9A7C800B66EAC /* stages of life.jpeg in Resources */ = {isa = PBXBuildFile; fileRef = 4449043529D9A7C800B66EAC /* stages of life.jpeg */; };
		44F795CB29D9B3FC00281CCA /* SecondViewController.swift in Sources */ = {isa = PBXBuildFile; fileRef = 44F795CA29D9B3FC00281CCA /* SecondViewController.swift */; };
		44F795F129D9D6B700281CCA /* Constants.swift in Sources */ = {isa = PBXBuildFile; fileRef = 44F795F029D9D6B700281CCA /* Constants.swift */; };
/* End PBXBuildFile section */

/* Begin PBXFileReference section */
		4449041229D997B300B66EAC /* MemberZap.app */ = {isa = PBXFileReference; explicitFileType = wrapper.application; includeInIndex = 0; path = MemberZap.app; sourceTree = BUILT_PRODUCTS_DIR; };
		4449041529D997B300B66EAC /* AppDelegate.swift */ = {isa = PBXFileReference; lastKnownFileType = sourcecode.swift; path = AppDelegate.swift; sourceTree = "<group>"; };
		4449041729D997B300B66EAC /* SceneDelegate.swift */ = {isa = PBXFileReference; lastKnownFileType = sourcecode.swift; path = SceneDelegate.swift; sourceTree = "<group>"; };
		4449041929D997B300B66EAC /* ViewController.swift */ = {isa = PBXFileReference; lastKnownFileType = sourcecode.swift; path = ViewController.swift; sourceTree = "<group>"; };
		4449041C29D997B300B66EAC /* Base */ = {isa = PBXFileReference; lastKnownFileType = file.storyboard; name = Base; path = Base.lproj/Main.storyboard; sourceTree = "<group>"; };
		4449041E29D997B600B66EAC /* Assets.xcassets */ = {isa = PBXFileReference; lastKnownFileType = folder.assetcatalog; path = Assets.xcassets; sourceTree = "<group>"; };
		4449042129D997B600B66EAC /* Base */ = {isa = PBXFileReference; lastKnownFileType = file.storyboard; name = Base; path = Base.lproj/LaunchScreen.storyboard; sourceTree = "<group>"; };
		4449042329D997B600B66EAC /* Info.plist */ = {isa = PBXFileReference; lastKnownFileType = text.plist.xml; path = Info.plist; sourceTree = "<group>"; };
		4449042929D99AFF00B66EAC /* MembershipData.swift */ = {isa = PBXFileReference; lastKnownFileType = sourcecode.swift; path = MembershipData.swift; sourceTree = "<group>"; };
		4449042B29D99D1A00B66EAC /* School Age.jpeg */ = {isa = PBXFileReference; lastKnownFileType = image.jpeg; path = "School Age.jpeg"; sourceTree = "<group>"; };
		4449042C29D99D1A00B66EAC /* adulthood.png */ = {isa = PBXFileReference; lastKnownFileType = image.png; path = adulthood.png; sourceTree = "<group>"; };
		4449042D29D99D1A00B66EAC /* aging.jpeg */ = {isa = PBXFileReference; lastKnownFileType = image.jpeg; path = aging.jpeg; sourceTree = "<group>"; };
		4449043329D9A1FD00B66EAC /* infant.jpeg */ = {isa = PBXFileReference; lastKnownFileType = image.jpeg; path = infant.jpeg; sourceTree = "<group>"; };
		4449043529D9A7C800B66EAC /* stages of life.jpeg */ = {isa = PBXFileReference; lastKnownFileType = image.jpeg; path = "stages of life.jpeg"; sourceTree = "<group>"; };
		44F795CA29D9B3FC00281CCA /* SecondViewController.swift */ = {isa = PBXFileReference; lastKnownFileType = sourcecode.swift; path = SecondViewController.swift; sourceTree = "<group>"; };
		44F795F029D9D6B700281CCA /* Constants.swift */ = {isa = PBXFileReference; lastKnownFileType = sourcecode.swift; path = Constants.swift; sourceTree = "<group>"; };
/* End PBXFileReference section */

/* Begin PBXFrameworksBuildPhase section */
		4449040F29D997B300B66EAC /* Frameworks */ = {
			isa = PBXFrameworksBuildPhase;
			buildActionMask = 2147483647;
			files = (
			);
			runOnlyForDeploymentPostprocessing = 0;
		};
/* End PBXFrameworksBuildPhase section */

/* Begin PBXGroup section */
		4449040929D997B300B66EAC = {
			isa = PBXGroup;
			children = (
				4449041429D997B300B66EAC /* MemberZap */,
				4449041329D997B300B66EAC /* Products */,
			);
			sourceTree = "<group>";
		};
		4449041329D997B300B66EAC /* Products */ = {
			isa = PBXGroup;
			children = (
				4449041229D997B300B66EAC /* MemberZap.app */,
			);
			name = Products;
			sourceTree = "<group>";
		};
		4449041429D997B300B66EAC /* MemberZap */ = {
			isa = PBXGroup;
			children = (
				4449042929D99AFF00B66EAC /* MembershipData.swift */,
				4449041529D997B300B66EAC /* AppDelegate.swift */,
				4449041729D997B300B66EAC /* SceneDelegate.swift */,
				4449041929D997B300B66EAC /* ViewController.swift */,
				44F795F029D9D6B700281CCA /* Constants.swift */,
				4449041B29D997B300B66EAC /* Main.storyboard */,
				44F795CA29D9B3FC00281CCA /* SecondViewController.swift */,
				4449041E29D997B600B66EAC /* Assets.xcassets */,
				4449043529D9A7C800B66EAC /* stages of life.jpeg */,
				4449042C29D99D1A00B66EAC /* adulthood.png */,
				4449043329D9A1FD00B66EAC /* infant.jpeg */,
				4449042D29D99D1A00B66EAC /* aging.jpeg */,
				4449042B29D99D1A00B66EAC /* School Age.jpeg */,
				4449042029D997B600B66EAC /* LaunchScreen.storyboard */,
				4449042329D997B600B66EAC /* Info.plist */,
			);
			path = MemberZap;
			sourceTree = "<group>";
		};
/* End PBXGroup section */

/* Begin PBXNativeTarget section */
		4449041129D997B300B66EAC /* MemberZap */ = {
			isa = PBXNativeTarget;
			buildConfigurationList = 4449042629D997B600B66EAC /* Build configuration list for PBXNativeTarget "MemberZap" */;
			buildPhases = (
				4449040E29D997B300B66EAC /* Sources */,
				4449040F29D997B300B66EAC /* Frameworks */,
				4449041029D997B300B66EAC /* Resources */,
			);
			buildRules = (
			);
			dependencies = (
			);
			name = MemberZap;
			productName = MemberZap;
			productReference = 4449041229D997B300B66EAC /* MemberZap.app */;
			productType = "com.apple.product-type.application";
		};
/* End PBXNativeTarget section */

/* Begin PBXProject section */
		4449040A29D997B300B66EAC /* Project object */ = {
			isa = PBXProject;
			attributes = {
				BuildIndependentTargetsInParallel = 1;
				LastSwiftUpdateCheck = 1420;
				LastUpgradeCheck = 1420;
				TargetAttributes = {
					4449041129D997B300B66EAC = {
						CreatedOnToolsVersion = 14.2;
					};
				};
			};
			buildConfigurationList = 4449040D29D997B300B66EAC /* Build configuration list for PBXProject "MemberZap" */;
			compatibilityVersion = "Xcode 14.0";
			developmentRegion = en;
			hasScannedForEncodings = 0;
			knownRegions = (
				en,
				Base,
			);
			mainGroup = 4449040929D997B300B66EAC;
			productRefGroup = 4449041329D997B300B66EAC /* Products */;
			projectDirPath = "";
			projectRoot = "";
			targets = (
				4449041129D997B300B66EAC /* MemberZap */,
			);
		};
/* End PBXProject section */

/* Begin PBXResourcesBuildPhase section */
		4449041029D997B300B66EAC /* Resources */ = {
			isa = PBXResourcesBuildPhase;
			buildActionMask = 2147483647;
			files = (
				4449043029D99D1A00B66EAC /* adulthood.png in Resources */,
				4449042F29D99D1A00B66EAC /* School Age.jpeg in Resources */,
				4449043429D9A1FD00B66EAC /* infant.jpeg in Resources */,
				4449043629D9A7C800B66EAC /* stages of life.jpeg in Resources */,
				4449042229D997B600B66EAC /* LaunchScreen.storyboard in Resources */,
				4449041F29D997B600B66EAC /* Assets.xcassets in Resources */,
				4449043129D99D1A00B66EAC /* aging.jpeg in Resources */,
				4449041D29D997B300B66EAC /* Main.storyboard in Resources */,
			);
			runOnlyForDeploymentPostprocessing = 0;
		};
/* End PBXResourcesBuildPhase section */

/* Begin PBXSourcesBuildPhase section */
		4449040E29D997B300B66EAC /* Sources */ = {
			isa = PBXSourcesBuildPhase;
			buildActionMask = 2147483647;
			files = (
				4449041A29D997B300B66EAC /* ViewController.swift in Sources */,
				4449042A29D99B0000B66EAC /* MembershipData.swift in Sources */,
				4449041629D997B300B66EAC /* AppDelegate.swift in Sources */,
				44F795CB29D9B3FC00281CCA /* SecondViewController.swift in Sources */,
				4449041829D997B300B66EAC /* SceneDelegate.swift in Sources */,
				44F795F129D9D6B700281CCA /* Constants.swift in Sources */,
			);
			runOnlyForDeploymentPostprocessing = 0;
		};
/* End PBXSourcesBuildPhase section */

/* Begin PBXVariantGroup section */
		4449041B29D997B300B66EAC /* Main.storyboard */ = {
			isa = PBXVariantGroup;
			children = (
				4449041C29D997B300B66EAC /* Base */,
			);
			name = Main.storyboard;
			sourceTree = "<group>";
		};
		4449042029D997B600B66EAC /* LaunchScreen.storyboard */ = {
			isa = PBXVariantGroup;
			children = (
				4449042129D997B600B66EAC /* Base */,
			);
			name = LaunchScreen.storyboard;
			sourceTree = "<group>";
		};
/* End PBXVariantGroup section */

/* Begin XCBuildConfiguration section */
		4449042429D997B600B66EAC /* Debug */ = {
			isa = XCBuildConfiguration;
			buildSettings = {
				ALWAYS_SEARCH_USER_PATHS = NO;
				CLANG_ANALYZER_NONNULL = YES;
				CLANG_ANALYZER_NUMBER_OBJECT_CONVERSION = YES_AGGRESSIVE;
				CLANG_CXX_LANGUAGE_STANDARD = "gnu++20";
				CLANG_ENABLE_MODULES = YES;
				CLANG_ENABLE_OBJC_ARC = YES;
				CLANG_ENABLE_OBJC_WEAK = YES;
				CLANG_WARN_BLOCK_CAPTURE_AUTORELEASING = YES;
				CLANG_WARN_BOOL_CONVERSION = YES;
				CLANG_WARN_COMMA = YES;
				CLANG_WARN_CONSTANT_CONVERSION = YES;
				CLANG_WARN_DEPRECATED_OBJC_IMPLEMENTATIONS = YES;
				CLANG_WARN_DIRECT_OBJC_ISA_USAGE = YES_ERROR;
				CLANG_WARN_DOCUMENTATION_COMMENTS = YES;
				CLANG_WARN_EMPTY_BODY = YES;
				CLANG_WARN_ENUM_CONVERSION = YES;
				CLANG_WARN_INFINITE_RECURSION = YES;
				CLANG_WARN_INT_CONVERSION = YES;
				CLANG_WARN_NON_LITERAL_NULL_CONVERSION = YES;
				CLANG_WARN_OBJC_IMPLICIT_RETAIN_SELF = YES;
				CLANG_WARN_OBJC_LITERAL_CONVERSION = YES;
				CLANG_WARN_OBJC_ROOT_CLASS = YES_ERROR;
				CLANG_WARN_QUOTED_INCLUDE_IN_FRAMEWORK_HEADER = YES;
				CLANG_WARN_RANGE_LOOP_ANALYSIS = YES;
				CLANG_WARN_STRICT_PROTOTYPES = YES;
				CLANG_WARN_SUSPICIOUS_MOVE = YES;
				CLANG_WARN_UNGUARDED_AVAILABILITY = YES_AGGRESSIVE;
				CLANG_WARN_UNREACHABLE_CODE = YES;
				CLANG_WARN__DUPLICATE_METHOD_MATCH = YES;
				COPY_PHASE_STRIP = NO;
				DEBUG_INFORMATION_FORMAT = dwarf;
				ENABLE_STRICT_OBJC_MSGSEND = YES;
				ENABLE_TESTABILITY = YES;
				GCC_C_LANGUAGE_STANDARD = gnu11;
				GCC_DYNAMIC_NO_PIC = NO;
				GCC_NO_COMMON_BLOCKS = YES;
				GCC_OPTIMIZATION_LEVEL = 0;
				GCC_PREPROCESSOR_DEFINITIONS = (
					"DEBUG=1",
					"$(inherited)",
				);
				GCC_WARN_64_TO_32_BIT_CONVERSION = YES;
				GCC_WARN_ABOUT_RETURN_TYPE = YES_ERROR;
				GCC_WARN_UNDECLARED_SELECTOR = YES;
				GCC_WARN_UNINITIALIZED_AUTOS = YES_AGGRESSIVE;
				GCC_WARN_UNUSED_FUNCTION = YES;
				GCC_WARN_UNUSED_VARIABLE = YES;
				IPHONEOS_DEPLOYMENT_TARGET = 16.2;
				MTL_ENABLE_DEBUG_INFO = INCLUDE_SOURCE;
				MTL_FAST_MATH = YES;
				ONLY_ACTIVE_ARCH = YES;
				SDKROOT = iphoneos;
				SWIFT_ACTIVE_COMPILATION_CONDITIONS = DEBUG;
				SWIFT_OPTIMIZATION_LEVEL = "-Onone";
			};
			name = Debug;
		};
		4449042529D997B600B66EAC /* Release */ = {
			isa = XCBuildConfiguration;
			buildSettings = {
				ALWAYS_SEARCH_USER_PATHS = NO;
				CLANG_ANALYZER_NONNULL = YES;
				CLANG_ANALYZER_NUMBER_OBJECT_CONVERSION = YES_AGGRESSIVE;
				CLANG_CXX_LANGUAGE_STANDARD = "gnu++20";
				CLANG_ENABLE_MODULES = YES;
				CLANG_ENABLE_OBJC_ARC = YES;
				CLANG_ENABLE_OBJC_WEAK = YES;
				CLANG_WARN_BLOCK_CAPTURE_AUTORELEASING = YES;
				CLANG_WARN_BOOL_CONVERSION = YES;
				CLANG_WARN_COMMA = YES;
				CLANG_WARN_CONSTANT_CONVERSION = YES;
				CLANG_WARN_DEPRECATED_OBJC_IMPLEMENTATIONS = YES;
				CLANG_WARN_DIRECT_OBJC_ISA_USAGE = YES_ERROR;
				CLANG_WARN_DOCUMENTATION_COMMENTS = YES;
				CLANG_WARN_EMPTY_BODY = YES;
				CLANG_WARN_ENUM_CONVERSION = YES;
				CLANG_WARN_INFINITE_RECURSION = YES;
				CLANG_WARN_INT_CONVERSION = YES;
				CLANG_WARN_NON_LITERAL_NULL_CONVERSION = YES;
				CLANG_WARN_OBJC_IMPLICIT_RETAIN_SELF = YES;
				CLANG_WARN_OBJC_LITERAL_CONVERSION = YES;
				CLANG_WARN_OBJC_ROOT_CLASS = YES_ERROR;
				CLANG_WARN_QUOTED_INCLUDE_IN_FRAMEWORK_HEADER = YES;
				CLANG_WARN_RANGE_LOOP_ANALYSIS = YES;
				CLANG_WARN_STRICT_PROTOTYPES = YES;
				CLANG_WARN_SUSPICIOUS_MOVE = YES;
				CLANG_WARN_UNGUARDED_AVAILABILITY = YES_AGGRESSIVE;
				CLANG_WARN_UNREACHABLE_CODE = YES;
				CLANG_WARN__DUPLICATE_METHOD_MATCH = YES;
				COPY_PHASE_STRIP = NO;
				DEBUG_INFORMATION_FORMAT = "dwarf-with-dsym";
				ENABLE_NS_ASSERTIONS = NO;
				ENABLE_STRICT_OBJC_MSGSEND = YES;
				GCC_C_LANGUAGE_STANDARD = gnu11;
				GCC_NO_COMMON_BLOCKS = YES;
				GCC_WARN_64_TO_32_BIT_CONVERSION = YES;
				GCC_WARN_ABOUT_RETURN_TYPE = YES_ERROR;
				GCC_WARN_UNDECLARED_SELECTOR = YES;
				GCC_WARN_UNINITIALIZED_AUTOS = YES_AGGRESSIVE;
				GCC_WARN_UNUSED_FUNCTION = YES;
				GCC_WARN_UNUSED_VARIABLE = YES;
				IPHONEOS_DEPLOYMENT_TARGET = 16.2;
				MTL_ENABLE_DEBUG_INFO = NO;
				MTL_FAST_MATH = YES;
				SDKROOT = iphoneos;
				SWIFT_COMPILATION_MODE = wholemodule;
				SWIFT_OPTIMIZATION_LEVEL = "-O";
				VALIDATE_PRODUCT = YES;
			};
			name = Release;
		};
		4449042729D997B600B66EAC /* Debug */ = {
			isa = XCBuildConfiguration;
			buildSettings = {
				ASSETCATALOG_COMPILER_APPICON_NAME = AppIcon;
				ASSETCATALOG_COMPILER_GLOBAL_ACCENT_COLOR_NAME = AccentColor;
				CODE_SIGN_STYLE = Automatic;
				CURRENT_PROJECT_VERSION = 1;
				DEVELOPMENT_TEAM = PZFU56YPVM;
				GENERATE_INFOPLIST_FILE = YES;
				INFOPLIST_FILE = MemberZap/Info.plist;
				INFOPLIST_KEY_UIApplicationSupportsIndirectInputEvents = YES;
				INFOPLIST_KEY_UILaunchStoryboardName = LaunchScreen;
				INFOPLIST_KEY_UIMainStoryboardFile = Main;
				INFOPLIST_KEY_UISupportedInterfaceOrientations_iPad = "UIInterfaceOrientationPortrait UIInterfaceOrientationPortraitUpsideDown UIInterfaceOrientationLandscapeLeft UIInterfaceOrientationLandscapeRight";
				INFOPLIST_KEY_UISupportedInterfaceOrientations_iPhone = "UIInterfaceOrientationPortrait UIInterfaceOrientationLandscapeLeft UIInterfaceOrientationLandscapeRight";
				LD_RUNPATH_SEARCH_PATHS = (
					"$(inherited)",
					"@executable_path/Frameworks",
				);
				MARKETING_VERSION = 1.0;
				PRODUCT_BUNDLE_IDENTIFIER = com.suraj.MemberZap;
				PRODUCT_NAME = "$(TARGET_NAME)";
				SUPPORTED_PLATFORMS = "iphoneos iphonesimulator";
				SUPPORTS_MACCATALYST = NO;
				SUPPORTS_MAC_DESIGNED_FOR_IPHONE_IPAD = NO;
				SWIFT_EMIT_LOC_STRINGS = YES;
				SWIFT_VERSION = 5.0;
				TARGETED_DEVICE_FAMILY = "1,2";
			};
			name = Debug;
		};
		4449042829D997B600B66EAC /* Release */ = {
			isa = XCBuildConfiguration;
			buildSettings = {
				ASSETCATALOG_COMPILER_APPICON_NAME = AppIcon;
				ASSETCATALOG_COMPILER_GLOBAL_ACCENT_COLOR_NAME = AccentColor;
				CODE_SIGN_STYLE = Automatic;
				CURRENT_PROJECT_VERSION = 1;
				DEVELOPMENT_TEAM = PZFU56YPVM;
				GENERATE_INFOPLIST_FILE = YES;
				INFOPLIST_FILE = MemberZap/Info.plist;
				INFOPLIST_KEY_UIApplicationSupportsIndirectInputEvents = YES;
				INFOPLIST_KEY_UILaunchStoryboardName = LaunchScreen;
				INFOPLIST_KEY_UIMainStoryboardFile = Main;
				INFOPLIST_KEY_UISupportedInterfaceOrientations_iPad = "UIInterfaceOrientationPortrait UIInterfaceOrientationPortraitUpsideDown UIInterfaceOrientationLandscapeLeft UIInterfaceOrientationLandscapeRight";
				INFOPLIST_KEY_UISupportedInterfaceOrientations_iPhone = "UIInterfaceOrientationPortrait UIInterfaceOrientationLandscapeLeft UIInterfaceOrientationLandscapeRight";
				LD_RUNPATH_SEARCH_PATHS = (
					"$(inherited)",
					"@executable_path/Frameworks",
				);
				MARKETING_VERSION = 1.0;
				PRODUCT_BUNDLE_IDENTIFIER = com.suraj.MemberZap;
				PRODUCT_NAME = "$(TARGET_NAME)";
				SUPPORTED_PLATFORMS = "iphoneos iphonesimulator";
				SUPPORTS_MACCATALYST = NO;
				SUPPORTS_MAC_DESIGNED_FOR_IPHONE_IPAD = NO;
				SWIFT_EMIT_LOC_STRINGS = YES;
				SWIFT_VERSION = 5.0;
				TARGETED_DEVICE_FAMILY = "1,2";
			};
			name = Release;
		};
/* End XCBuildConfiguration section */

/* Begin XCConfigurationList section */
		4449040D29D997B300B66EAC /* Build configuration list for PBXProject "MemberZap" */ = {
			isa = XCConfigurationList;
			buildConfigurations = (
				4449042429D997B600B66EAC /* Debug */,
				4449042529D997B600B66EAC /* Release */,
			);
			defaultConfigurationIsVisible = 0;
			defaultConfigurationName = Release;
		};
		4449042629D997B600B66EAC /* Build configuration list for PBXNativeTarget "MemberZap" */ = {
			isa = XCConfigurationList;
			buildConfigurations = (
				4449042729D997B600B66EAC /* Debug */,
				4449042829D997B600B66EAC /* Release */,
			);
			defaultConfigurationIsVisible = 0;
			defaultConfigurationName = Release;
		};
/* End XCConfigurationList section */
	};
	rootObject = 4449040A29D997B300B66EAC /* Project object */;
}
